// !$*UTF8*$!
{
	archiveVersion = 1;
	classes = {
	};
	objectVersion = 77;
	objects = {

/* Begin PBXContainerItemProxy section */
		DF195BC22D52DD59002658EB /* PBXContainerItemProxy */ = {
			isa = PBXContainerItemProxy;
			containerPortal = DF195BA92D52DD57002658EB /* Project object */;
			proxyType = 1;
			remoteGlobalIDString = DF195BB02D52DD57002658EB;
			remoteInfo = MusicUIRecreation;
		};
		DF195BCC2D52DD59002658EB /* PBXContainerItemProxy */ = {
			isa = PBXContainerItemProxy;
			containerPortal = DF195BA92D52DD57002658EB /* Project object */;
			proxyType = 1;
			remoteGlobalIDString = DF195BB02D52DD57002658EB;
			remoteInfo = MusicUIRecreation;
		};
/* End PBXContainerItemProxy section */

/* Begin PBXFileReference section */
		DF195BB12D52DD57002658EB /* MusicUIRecreation.app */ = {isa = PBXFileReference; explicitFileType = wrapper.application; includeInIndex = 0; path = MusicUIRecreation.app; sourceTree = BUILT_PRODUCTS_DIR; };
		DF195BC12D52DD59002658EB /* MusicUIRecreationTests.xctest */ = {isa = PBXFileReference; explicitFileType = wrapper.cfbundle; includeInIndex = 0; path = MusicUIRecreationTests.xctest; sourceTree = BUILT_PRODUCTS_DIR; };
		DF195BCB2D52DD59002658EB /* MusicUIRecreationUITests.xctest */ = {isa = PBXFileReference; explicitFileType = wrapper.cfbundle; includeInIndex = 0; path = MusicUIRecreationUITests.xctest; sourceTree = BUILT_PRODUCTS_DIR; };
/* End PBXFileReference section */

/* Begin PBXFileSystemSynchronizedRootGroup section */
		DF195BB32D52DD57002658EB /* MusicUIRecreation */ = {
			isa = PBXFileSystemSynchronizedRootGroup;
			path = MusicUIRecreation;
			sourceTree = "<group>";
		};
		DF195BC42D52DD59002658EB /* MusicUIRecreationTests */ = {
			isa = PBXFileSystemSynchronizedRootGroup;
			path = MusicUIRecreationTests;
			sourceTree = "<group>";
		};
		DF195BCE2D52DD59002658EB /* MusicUIRecreationUITests */ = {
			isa = PBXFileSystemSynchronizedRootGroup;
			path = MusicUIRecreationUITests;
			sourceTree = "<group>";
		};
/* End PBXFileSystemSynchronizedRootGroup section */

/* Begin PBXFrameworksBuildPhase section */
		DF195BAE2D52DD57002658EB /* Frameworks */ = {
			isa = PBXFrameworksBuildPhase;
			buildActionMask = 2147483647;
			files = (
			);
			runOnlyForDeploymentPostprocessing = 0;
		};
		DF195BBE2D52DD59002658EB /* Frameworks */ = {
			isa = PBXFrameworksBuildPhase;
			buildActionMask = 2147483647;
			files = (
			);
			runOnlyForDeploymentPostprocessing = 0;
		};
		DF195BC82D52DD59002658EB /* Frameworks */ = {
			isa = PBXFrameworksBuildPhase;
			buildActionMask = 2147483647;
			files = (
			);
			runOnlyForDeploymentPostprocessing = 0;
		};
/* End PBXFrameworksBuildPhase section */

/* Begin PBXGroup section */
		DF195BA82D52DD57002658EB = {
			isa = PBXGroup;
			children = (
				DF195BB32D52DD57002658EB /* MusicUIRecreation */,
				DF195BC42D52DD59002658EB /* MusicUIRecreationTests */,
				DF195BCE2D52DD59002658EB /* MusicUIRecreationUITests */,
				DF195BB22D52DD57002658EB /* Products */,
			);
			sourceTree = "<group>";
		};
		DF195BB22D52DD57002658EB /* Products */ = {
			isa = PBXGroup;
			children = (
				DF195BB12D52DD57002658EB /* MusicUIRecreation.app */,
				DF195BC12D52DD59002658EB /* MusicUIRecreationTests.xctest */,
				DF195BCB2D52DD59002658EB /* MusicUIRecreationUITests.xctest */,
			);
			name = Products;
			sourceTree = "<group>";
		};
/* End PBXGroup section */

/* Begin PBXNativeTarget section */
		DF195BB02D52DD57002658EB /* MusicUIRecreation */ = {
			isa = PBXNativeTarget;
			buildConfigurationList = DF195BD52D52DD59002658EB /* Build configuration list for PBXNativeTarget "MusicUIRecreation" */;
			buildPhases = (
				DF195BAD2D52DD57002658EB /* Sources */,
				DF195BAE2D52DD57002658EB /* Frameworks */,
				DF195BAF2D52DD57002658EB /* Resources */,
			);
			buildRules = (
			);
			dependencies = (
			);
			fileSystemSynchronizedGroups = (
				DF195BB32D52DD57002658EB /* MusicUIRecreation */,
			);
			name = MusicUIRecreation;
			packageProductDependencies = (
			);
			productName = MusicUIRecreation;
			productReference = DF195BB12D52DD57002658EB /* MusicUIRecreation.app */;
			productType = "com.apple.product-type.application";
		};
		DF195BC02D52DD59002658EB /* MusicUIRecreationTests */ = {
			isa = PBXNativeTarget;
			buildConfigurationList = DF195BD82D52DD59002658EB /* Build configuration list for PBXNativeTarget "MusicUIRecreationTests" */;
			buildPhases = (
				DF195BBD2D52DD59002658EB /* Sources */,
				DF195BBE2D52DD59002658EB /* Frameworks */,
				DF195BBF2D52DD59002658EB /* Resources */,
			);
			buildRules = (
			);
			dependencies = (
				DF195BC32D52DD59002658EB /* PBXTargetDependency */,
			);
			fileSystemSynchronizedGroups = (
				DF195BC42D52DD59002658EB /* MusicUIRecreationTests */,
			);
			name = MusicUIRecreationTests;
			packageProductDependencies = (
			);
			productName = MusicUIRecreationTests;
			productReference = DF195BC12D52DD59002658EB /* MusicUIRecreationTests.xctest */;
			productType = "com.apple.product-type.bundle.unit-test";
		};
		DF195BCA2D52DD59002658EB /* MusicUIRecreationUITests */ = {
			isa = PBXNativeTarget;
			buildConfigurationList = DF195BDB2D52DD59002658EB /* Build configuration list for PBXNativeTarget "MusicUIRecreationUITests" */;
			buildPhases = (
				DF195BC72D52DD59002658EB /* Sources */,
				DF195BC82D52DD59002658EB /* Frameworks */,
				DF195BC92D52DD59002658EB /* Resources */,
			);
			buildRules = (
			);
			dependencies = (
				DF195BCD2D52DD59002658EB /* PBXTargetDependency */,
			);
			fileSystemSynchronizedGroups = (
				DF195BCE2D52DD59002658EB /* MusicUIRecreationUITests */,
			);
			name = MusicUIRecreationUITests;
			packageProductDependencies = (
			);
			productName = MusicUIRecreationUITests;
			productReference = DF195BCB2D52DD59002658EB /* MusicUIRecreationUITests.xctest */;
			productType = "com.apple.product-type.bundle.ui-testing";
		};
/* End PBXNativeTarget section */

/* Begin PBXProject section */
		DF195BA92D52DD57002658EB /* Project object */ = {
			isa = PBXProject;
			attributes = {
				BuildIndependentTargetsInParallel = 1;
				LastSwiftUpdateCheck = 1620;
				LastUpgradeCheck = 1620;
				TargetAttributes = {
					DF195BB02D52DD57002658EB = {
						CreatedOnToolsVersion = 16.2;
					};
					DF195BC02D52DD59002658EB = {
						CreatedOnToolsVersion = 16.2;
						TestTargetID = DF195BB02D52DD57002658EB;
					};
					DF195BCA2D52DD59002658EB = {
						CreatedOnToolsVersion = 16.2;
						TestTargetID = DF195BB02D52DD57002658EB;
					};
				};
			};
			buildConfigurationList = DF195BAC2D52DD57002658EB /* Build configuration list for PBXProject "MusicUIRecreation" */;
			developmentRegion = en;
			hasScannedForEncodings = 0;
			knownRegions = (
				en,
				Base,
			);
			mainGroup = DF195BA82D52DD57002658EB;
			minimizedProjectReferenceProxies = 1;
			preferredProjectObjectVersion = 77;
			productRefGroup = DF195BB22D52DD57002658EB /* Products */;
			projectDirPath = "";
			projectRoot = "";
			targets = (
				DF195BB02D52DD57002658EB /* MusicUIRecreation */,
				DF195BC02D52DD59002658EB /* MusicUIRecreationTests */,
				DF195BCA2D52DD59002658EB /* MusicUIRecreationUITests */,
			);
		};
/* End PBXProject section */

/* Begin PBXResourcesBuildPhase section */
		DF195BAF2D52DD57002658EB /* Resources */ = {
			isa = PBXResourcesBuildPhase;
			buildActionMask = 2147483647;
			files = (
			);
			runOnlyForDeploymentPostprocessing = 0;
		};
		DF195BBF2D52DD59002658EB /* Resources */ = {
			isa = PBXResourcesBuildPhase;
			buildActionMask = 2147483647;
			files = (
			);
			runOnlyForDeploymentPostprocessing = 0;
		};
		DF195BC92D52DD59002658EB /* Resources */ = {
			isa = PBXResourcesBuildPhase;
			buildActionMask = 2147483647;
			files = (
			);
			runOnlyForDeploymentPostprocessing = 0;
		};
/* End PBXResourcesBuildPhase section */

/* Begin PBXSourcesBuildPhase section */
		DF195BAD2D52DD57002658EB /* Sources */ = {
			isa = PBXSourcesBuildPhase;
			buildActionMask = 2147483647;
			files = (
			);
			runOnlyForDeploymentPostprocessing = 0;
		};
		DF195BBD2D52DD59002658EB /* Sources */ = {
			isa = PBXSourcesBuildPhase;
			buildActionMask = 2147483647;
			files = (
			);
			runOnlyForDeploymentPostprocessing = 0;
		};
		DF195BC72D52DD59002658EB /* Sources */ = {
			isa = PBXSourcesBuildPhase;
			buildActionMask = 2147483647;
			files = (
			);
			runOnlyForDeploymentPostprocessing = 0;
		};
/* End PBXSourcesBuildPhase section */

/* Begin PBXTargetDependency section */
		DF195BC32D52DD59002658EB /* PBXTargetDependency */ = {
			isa = PBXTargetDependency;
			target = DF195BB02D52DD57002658EB /* MusicUIRecreation */;
			targetProxy = DF195BC22D52DD59002658EB /* PBXContainerItemProxy */;
		};
		DF195BCD2D52DD59002658EB /* PBXTargetDependency */ = {
			isa = PBXTargetDependency;
			target = DF195BB02D52DD57002658EB /* MusicUIRecreation */;
			targetProxy = DF195BCC2D52DD59002658EB /* PBXContainerItemProxy */;
		};
/* End PBXTargetDependency section */

/* Begin XCBuildConfiguration section */
		DF195BD32D52DD59002658EB /* Debug */ = {
			isa = XCBuildConfiguration;
			buildSettings = {
				ALWAYS_SEARCH_USER_PATHS = NO;
				ASSETCATALOG_COMPILER_GENERATE_SWIFT_ASSET_SYMBOL_EXTENSIONS = YES;
				CLANG_ANALYZER_NONNULL = YES;
				CLANG_ANALYZER_NUMBER_OBJECT_CONVERSION = YES_AGGRESSIVE;
				CLANG_CXX_LANGUAGE_STANDARD = "gnu++20";
				CLANG_ENABLE_MODULES = YES;
				CLANG_ENABLE_OBJC_ARC = YES;
				CLANG_ENABLE_OBJC_WEAK = YES;
				CLANG_WARN_BLOCK_CAPTURE_AUTORELEASING = YES;
				CLANG_WARN_BOOL_CONVERSION = YES;
				CLANG_WARN_COMMA = YES;
				CLANG_WARN_CONSTANT_CONVERSION = YES;
				CLANG_WARN_DEPRECATED_OBJC_IMPLEMENTATIONS = YES;
				CLANG_WARN_DIRECT_OBJC_ISA_USAGE = YES_ERROR;
				CLANG_WARN_DOCUMENTATION_COMMENTS = YES;
				CLANG_WARN_EMPTY_BODY = YES;
				CLANG_WARN_ENUM_CONVERSION = YES;
				CLANG_WARN_INFINITE_RECURSION = YES;
				CLANG_WARN_INT_CONVERSION = YES;
				CLANG_WARN_NON_LITERAL_NULL_CONVERSION = YES;
				CLANG_WARN_OBJC_IMPLICIT_RETAIN_SELF = YES;
				CLANG_WARN_OBJC_LITERAL_CONVERSION = YES;
				CLANG_WARN_OBJC_ROOT_CLASS = YES_ERROR;
				CLANG_WARN_QUOTED_INCLUDE_IN_FRAMEWORK_HEADER = YES;
				CLANG_WARN_RANGE_LOOP_ANALYSIS = YES;
				CLANG_WARN_STRICT_PROTOTYPES = YES;
				CLANG_WARN_SUSPICIOUS_MOVE = YES;
				CLANG_WARN_UNGUARDED_AVAILABILITY = YES_AGGRESSIVE;
				CLANG_WARN_UNREACHABLE_CODE = YES;
				CLANG_WARN__DUPLICATE_METHOD_MATCH = YES;
				COPY_PHASE_STRIP = NO;
				DEBUG_INFORMATION_FORMAT = dwarf;
				ENABLE_STRICT_OBJC_MSGSEND = YES;
				ENABLE_TESTABILITY = YES;
				ENABLE_USER_SCRIPT_SANDBOXING = YES;
				GCC_C_LANGUAGE_STANDARD = gnu17;
				GCC_DYNAMIC_NO_PIC = NO;
				GCC_NO_COMMON_BLOCKS = YES;
				GCC_OPTIMIZATION_LEVEL = 0;
				GCC_PREPROCESSOR_DEFINITIONS = (
					"DEBUG=1",
					"$(inherited)",
				);
				GCC_WARN_64_TO_32_BIT_CONVERSION = YES;
				GCC_WARN_ABOUT_RETURN_TYPE = YES_ERROR;
				GCC_WARN_UNDECLARED_SELECTOR = YES;
				GCC_WARN_UNINITIALIZED_AUTOS = YES_AGGRESSIVE;
				GCC_WARN_UNUSED_FUNCTION = YES;
				GCC_WARN_UNUSED_VARIABLE = YES;
				IPHONEOS_DEPLOYMENT_TARGET = 18.2;
				LOCALIZATION_PREFERS_STRING_CATALOGS = YES;
				MTL_ENABLE_DEBUG_INFO = INCLUDE_SOURCE;
				MTL_FAST_MATH = YES;
				ONLY_ACTIVE_ARCH = YES;
				SDKROOT = iphoneos;
				SWIFT_ACTIVE_COMPILATION_CONDITIONS = "DEBUG $(inherited)";
				SWIFT_OPTIMIZATION_LEVEL = "-Onone";
			};
			name = Debug;
		};
		DF195BD42D52DD59002658EB /* Release */ = {
			isa = XCBuildConfiguration;
			buildSettings = {
				ALWAYS_SEARCH_USER_PATHS = NO;
				ASSETCATALOG_COMPILER_GENERATE_SWIFT_ASSET_SYMBOL_EXTENSIONS = YES;
				CLANG_ANALYZER_NONNULL = YES;
				CLANG_ANALYZER_NUMBER_OBJECT_CONVERSION = YES_AGGRESSIVE;
				CLANG_CXX_LANGUAGE_STANDARD = "gnu++20";
				CLANG_ENABLE_MODULES = YES;
				CLANG_ENABLE_OBJC_ARC = YES;
				CLANG_ENABLE_OBJC_WEAK = YES;
				CLANG_WARN_BLOCK_CAPTURE_AUTORELEASING = YES;
				CLANG_WARN_BOOL_CONVERSION = YES;
				CLANG_WARN_COMMA = YES;
				CLANG_WARN_CONSTANT_CONVERSION = YES;
				CLANG_WARN_DEPRECATED_OBJC_IMPLEMENTATIONS = YES;
				CLANG_WARN_DIRECT_OBJC_ISA_USAGE = YES_ERROR;
				CLANG_WARN_DOCUMENTATION_COMMENTS = YES;
				CLANG_WARN_EMPTY_BODY = YES;
				CLANG_WARN_ENUM_CONVERSION = YES;
				CLANG_WARN_INFINITE_RECURSION = YES;
				CLANG_WARN_INT_CONVERSION = YES;
				CLANG_WARN_NON_LITERAL_NULL_CONVERSION = YES;
				CLANG_WARN_OBJC_IMPLICIT_RETAIN_SELF = YES;
				CLANG_WARN_OBJC_LITERAL_CONVERSION = YES;
				CLANG_WARN_OBJC_ROOT_CLASS = YES_ERROR;
				CLANG_WARN_QUOTED_INCLUDE_IN_FRAMEWORK_HEADER = YES;
				CLANG_WARN_RANGE_LOOP_ANALYSIS = YES;
				CLANG_WARN_STRICT_PROTOTYPES = YES;
				CLANG_WARN_SUSPICIOUS_MOVE = YES;
				CLANG_WARN_UNGUARDED_AVAILABILITY = YES_AGGRESSIVE;
				CLANG_WARN_UNREACHABLE_CODE = YES;
				CLANG_WARN__DUPLICATE_METHOD_MATCH = YES;
				COPY_PHASE_STRIP = NO;
				DEBUG_INFORMATION_FORMAT = "dwarf-with-dsym";
				ENABLE_NS_ASSERTIONS = NO;
				ENABLE_STRICT_OBJC_MSGSEND = YES;
				ENABLE_USER_SCRIPT_SANDBOXING = YES;
				GCC_C_LANGUAGE_STANDARD = gnu17;
				GCC_NO_COMMON_BLOCKS = YES;
				GCC_WARN_64_TO_32_BIT_CONVERSION = YES;
				GCC_WARN_ABOUT_RETURN_TYPE = YES_ERROR;
				GCC_WARN_UNDECLARED_SELECTOR = YES;
				GCC_WARN_UNINITIALIZED_AUTOS = YES_AGGRESSIVE;
				GCC_WARN_UNUSED_FUNCTION = YES;
				GCC_WARN_UNUSED_VARIABLE = YES;
				IPHONEOS_DEPLOYMENT_TARGET = 18.2;
				LOCALIZATION_PREFERS_STRING_CATALOGS = YES;
				MTL_ENABLE_DEBUG_INFO = NO;
				MTL_FAST_MATH = YES;
				SDKROOT = iphoneos;
				SWIFT_COMPILATION_MODE = wholemodule;
				VALIDATE_PRODUCT = YES;
			};
			name = Release;
		};
		DF195BD62D52DD59002658EB /* Debug */ = {
			isa = XCBuildConfiguration;
			buildSettings = {
				ASSETCATALOG_COMPILER_APPICON_NAME = AppIcon;
				ASSETCATALOG_COMPILER_GLOBAL_ACCENT_COLOR_NAME = AccentColor;
				CODE_SIGN_STYLE = Automatic;
				CURRENT_PROJECT_VERSION = 1;
				DEVELOPMENT_ASSET_PATHS = "\"MusicUIRecreation/Preview Content\"";
				ENABLE_PREVIEWS = YES;
				GENERATE_INFOPLIST_FILE = YES;
				INFOPLIST_KEY_UIApplicationSceneManifest_Generation = YES;
				INFOPLIST_KEY_UIApplicationSupportsIndirectInputEvents = YES;
				INFOPLIST_KEY_UILaunchScreen_Generation = YES;
				INFOPLIST_KEY_UISupportedInterfaceOrientations_iPad = "UIInterfaceOrientationPortrait UIInterfaceOrientationPortraitUpsideDown UIInterfaceOrientationLandscapeLeft UIInterfaceOrientationLandscapeRight";
				INFOPLIST_KEY_UISupportedInterfaceOrientations_iPhone = "UIInterfaceOrientationPortrait UIInterfaceOrientationLandscapeLeft UIInterfaceOrientationLandscapeRight";
				LD_RUNPATH_SEARCH_PATHS = (
					"$(inherited)",
					"@executable_path/Frameworks",
				);
				MARKETING_VERSION = 1.0;
				PRODUCT_BUNDLE_IDENTIFIER = appteam.MusicUIRecreation;
				PRODUCT_NAME = "$(TARGET_NAME)";
				SWIFT_EMIT_LOC_STRINGS = YES;
				SWIFT_VERSION = 5.0;
				TARGETED_DEVICE_FAMILY = "1,2";
			};
			name = Debug;
		};
		DF195BD72D52DD59002658EB /* Release */ = {
			isa = XCBuildConfiguration;
			buildSettings = {
				ASSETCATALOG_COMPILER_APPICON_NAME = AppIcon;
				ASSETCATALOG_COMPILER_GLOBAL_ACCENT_COLOR_NAME = AccentColor;
				CODE_SIGN_STYLE = Automatic;
				CURRENT_PROJECT_VERSION = 1;
				DEVELOPMENT_ASSET_PATHS = "\"MusicUIRecreation/Preview Content\"";
				ENABLE_PREVIEWS = YES;
				GENERATE_INFOPLIST_FILE = YES;
				INFOPLIST_KEY_UIApplicationSceneManifest_Generation = YES;
				INFOPLIST_KEY_UIApplicationSupportsIndirectInputEvents = YES;
				INFOPLIST_KEY_UILaunchScreen_Generation = YES;
				INFOPLIST_KEY_UISupportedInterfaceOrientations_iPad = "UIInterfaceOrientationPortrait UIInterfaceOrientationPortraitUpsideDown UIInterfaceOrientationLandscapeLeft UIInterfaceOrientationLandscapeRight";
				INFOPLIST_KEY_UISupportedInterfaceOrientations_iPhone = "UIInterfaceOrientationPortrait UIInterfaceOrientationLandscapeLeft UIInterfaceOrientationLandscapeRight";
				LD_RUNPATH_SEARCH_PATHS = (
					"$(inherited)",
					"@executable_path/Frameworks",
				);
				MARKETING_VERSION = 1.0;
				PRODUCT_BUNDLE_IDENTIFIER = appteam.MusicUIRecreation;
				PRODUCT_NAME = "$(TARGET_NAME)";
				SWIFT_EMIT_LOC_STRINGS = YES;
				SWIFT_VERSION = 5.0;
				TARGETED_DEVICE_FAMILY = "1,2";
			};
			name = Release;
		};
		DF195BD92D52DD59002658EB /* Debug */ = {
			isa = XCBuildConfiguration;
			buildSettings = {
				BUNDLE_LOADER = "$(TEST_HOST)";
				CODE_SIGN_STYLE = Automatic;
				CURRENT_PROJECT_VERSION = 1;
				GENERATE_INFOPLIST_FILE = YES;
				IPHONEOS_DEPLOYMENT_TARGET = 18.2;
				MARKETING_VERSION = 1.0;
				PRODUCT_BUNDLE_IDENTIFIER = appteam.MusicUIRecreationTests;
				PRODUCT_NAME = "$(TARGET_NAME)";
				SWIFT_EMIT_LOC_STRINGS = NO;
				SWIFT_VERSION = 5.0;
				TARGETED_DEVICE_FAMILY = "1,2";
				TEST_HOST = "$(BUILT_PRODUCTS_DIR)/MusicUIRecreation.app/$(BUNDLE_EXECUTABLE_FOLDER_PATH)/MusicUIRecreation";
			};
			name = Debug;
		};
		DF195BDA2D52DD59002658EB /* Release */ = {
			isa = XCBuildConfiguration;
			buildSettings = {
				BUNDLE_LOADER = "$(TEST_HOST)";
				CODE_SIGN_STYLE = Automatic;
				CURRENT_PROJECT_VERSION = 1;
				GENERATE_INFOPLIST_FILE = YES;
				IPHONEOS_DEPLOYMENT_TARGET = 18.2;
				MARKETING_VERSION = 1.0;
				PRODUCT_BUNDLE_IDENTIFIER = appteam.MusicUIRecreationTests;
				PRODUCT_NAME = "$(TARGET_NAME)";
				SWIFT_EMIT_LOC_STRINGS = NO;
				SWIFT_VERSION = 5.0;
				TARGETED_DEVICE_FAMILY = "1,2";
				TEST_HOST = "$(BUILT_PRODUCTS_DIR)/MusicUIRecreation.app/$(BUNDLE_EXECUTABLE_FOLDER_PATH)/MusicUIRecreation";
			};
			name = Release;
		};
		DF195BDC2D52DD59002658EB /* Debug */ = {
			isa = XCBuildConfiguration;
			buildSettings = {
				CODE_SIGN_STYLE = Automatic;
				CURRENT_PROJECT_VERSION = 1;
				GENERATE_INFOPLIST_FILE = YES;
				MARKETING_VERSION = 1.0;
				PRODUCT_BUNDLE_IDENTIFIER = appteam.MusicUIRecreationUITests;
				PRODUCT_NAME = "$(TARGET_NAME)";
				SWIFT_EMIT_LOC_STRINGS = NO;
				SWIFT_VERSION = 5.0;
				TARGETED_DEVICE_FAMILY = "1,2";
				TEST_TARGET_NAME = MusicUIRecreation;
			};
			name = Debug;
		};
		DF195BDD2D52DD59002658EB /* Release */ = {
			isa = XCBuildConfiguration;
			buildSettings = {
				CODE_SIGN_STYLE = Automatic;
				CURRENT_PROJECT_VERSION = 1;
				GENERATE_INFOPLIST_FILE = YES;
				MARKETING_VERSION = 1.0;
				PRODUCT_BUNDLE_IDENTIFIER = appteam.MusicUIRecreationUITests;
				PRODUCT_NAME = "$(TARGET_NAME)";
				SWIFT_EMIT_LOC_STRINGS = NO;
				SWIFT_VERSION = 5.0;
				TARGETED_DEVICE_FAMILY = "1,2";
				TEST_TARGET_NAME = MusicUIRecreation;
			};
			name = Release;
		};
/* End XCBuildConfiguration section */

/* Begin XCConfigurationList section */
		DF195BAC2D52DD57002658EB /* Build configuration list for PBXProject "MusicUIRecreation" */ = {
			isa = XCConfigurationList;
			buildConfigurations = (
				DF195BD32D52DD59002658EB /* Debug */,
				DF195BD42D52DD59002658EB /* Release */,
			);
			defaultConfigurationIsVisible = 0;
			defaultConfigurationName = Release;
		};
		DF195BD52D52DD59002658EB /* Build configuration list for PBXNativeTarget "MusicUIRecreation" */ = {
			isa = XCConfigurationList;
			buildConfigurations = (
				DF195BD62D52DD59002658EB /* Debug */,
				DF195BD72D52DD59002658EB /* Release */,
			);
			defaultConfigurationIsVisible = 0;
			defaultConfigurationName = Release;
		};
		DF195BD82D52DD59002658EB /* Build configuration list for PBXNativeTarget "MusicUIRecreationTests" */ = {
			isa = XCConfigurationList;
			buildConfigurations = (
				DF195BD92D52DD59002658EB /* Debug */,
				DF195BDA2D52DD59002658EB /* Release */,
			);
			defaultConfigurationIsVisible = 0;
			defaultConfigurationName = Release;
		};
		DF195BDB2D52DD59002658EB /* Build configuration list for PBXNativeTarget "MusicUIRecreationUITests" */ = {
			isa = XCConfigurationList;
			buildConfigurations = (
				DF195BDC2D52DD59002658EB /* Debug */,
				DF195BDD2D52DD59002658EB /* Release */,
			);
			defaultConfigurationIsVisible = 0;
			defaultConfigurationName = Release;
		};
/* End XCConfigurationList section */
	};
	rootObject = DF195BA92D52DD57002658EB /* Project object */;
}
